
Microsoft Visual Studio Solution File, Format Version 12.00
# Visual Studio Version 17
VisualStudioVersion = 17.5.33502.453
MinimumVisualStudioVersion = 10.0.40219.1
Project("{9A19103F-16F7-4668-BE54-9A1E7A4F7556}") = "Lab_1", "Lab_1\Lab_1.csproj", "{C56F4366-FDA0-4B9F-9774-33EEFF79755E}"
EndProject
Project("{FAE04EC0-301F-11D3-BF4B-00C04F79EFBC}") = "Lab2.Test", "Lab2.Test\Lab2.Test.csproj", "{382558F3-2D6A-4877-8CE1-4BF3BBA1149C}"
EndProject
Global
	GlobalSection(SolutionConfigurationPlatforms) = preSolution
		Debug|Any CPU = Debug|Any CPU
		Release|Any CPU = Release|Any CPU
	EndGlobalSection
	GlobalSection(ProjectConfigurationPlatforms) = postSolution
		{C56F4366-FDA0-4B9F-9774-33EEFF79755E}.Debug|Any CPU.ActiveCfg = Debug|Any CPU
		{C56F4366-FDA0-4B9F-9774-33EEFF79755E}.Debug|Any CPU.Build.0 = Debug|Any CPU
		{C56F4366-FDA0-4B9F-9774-33EEFF79755E}.Release|Any CPU.ActiveCfg = Release|Any CPU
		{C56F4366-FDA0-4B9F-9774-33EEFF79755E}.Release|Any CPU.Build.0 = Release|Any CPU
		{382558F3-2D6A-4877-8CE1-4BF3BBA1149C}.Debug|Any CPU.ActiveCfg = Debug|Any CPU
		{382558F3-2D6A-4877-8CE1-4BF3BBA1149C}.Debug|Any CPU.Build.0 = Debug|Any CPU
		{382558F3-2D6A-4877-8CE1-4BF3BBA1149C}.Release|Any CPU.ActiveCfg = Release|Any CPU
		{382558F3-2D6A-4877-8CE1-4BF3BBA1149C}.Release|Any CPU.Build.0 = Release|Any CPU
	EndGlobalSection
	GlobalSection(SolutionProperties) = preSolution
		HideSolutionNode = FALSE
	EndGlobalSection
	GlobalSection(ExtensibilityGlobals) = postSolution
		SolutionGuid = {802878B3-98C7-4A2C-8653-D8F9D682AE77}
	EndGlobalSection
EndGlobal
